{
    "_readme": [
        "This file locks the dependencies of your project to a known state",
        "Read more about it at https://getcomposer.org/doc/01-basic-usage.md#composer-lock-the-lock-file",
        "This file is @generated automatically"
    ],
    "hash": "1cab9b5735953a4d2b122b5824e89585",
    "content-hash": "dd80c98548944e00bf6aca6404bc19a4",
    "packages": [
        {
            "name": "2amigos/yii2-selectize-widget",
            "version": "1.0.1",
            "source": {
                "type": "git",
                "url": "https://github.com/2amigos/yii2-selectize-widget.git",
                "reference": "bc997df0769084f45dbdcaef95a028f5ca3fd028"
            },
            "dist": {
                "type": "zip",
                "url": "https://api.github.com/repos/2amigos/yii2-selectize-widget/zipball/bc997df0769084f45dbdcaef95a028f5ca3fd028",
                "reference": "bc997df0769084f45dbdcaef95a028f5ca3fd028",
                "shasum": ""
            },
            "require": {
                "bower-asset/selectize": "~0.12.0",
                "yiisoft/yii2": "~2.0.0",
                "yiisoft/yii2-bootstrap": "~2.0.0"
            },
            "require-dev": {
                "phpunit/phpunit": "~4.0"
            },
            "type": "yii2-extension",
            "extra": {
                "asset-installer-paths": {
                    "npm-asset-library": "vendor/npm",
                    "bower-asset-library": "vendor/bower"
                },
                "branch-alias": {
                    "dev-master": "1.0-dev"
                }
            },
            "autoload": {
                "psr-4": {
                    "dosamigos\\selectize\\": "src"
                }
            },
            "notification-url": "https://packagist.org/downloads/",
            "license": [
                "BSD-3-Clause"
            ],
            "authors": [
                {
                    "name": "2amigOS! Consulting Group",
                    "email": "hola@2amigos.us",
                    "homepage": "http://2amigos.us",
                    "role": "Developer"
                },
                {
                    "name": "Alexander Kochetov",
                    "email": "creocoder@gmail.com",
                    "role": "Developer"
                }
            ],
            "description": "The selectize.js widget for the Yii framework",
            "homepage": "https://github.com/2amigos/yii2-selectize-widget",
            "keywords": [
                "2amigos",
                "selectize",
                "widget",
                "yii",
                "yii 2",
                "yii2"
            ],
            "time": "2015-03-20 18:56:41"
        },
        {
            "name": "bower-asset/bootstrap",
            "version": "v3.3.4",
            "source": {
                "type": "git",
                "url": "https://github.com/twbs/bootstrap.git",
                "reference": "a10eb60bc0b07b747fa0c4ebd8821eb7307bd07f"
            },
            "dist": {
                "type": "zip",
                "url": "https://api.github.com/repos/twbs/bootstrap/zipball/a10eb60bc0b07b747fa0c4ebd8821eb7307bd07f",
                "reference": "a10eb60bc0b07b747fa0c4ebd8821eb7307bd07f",
                "shasum": ""
            },
            "require": {
                "bower-asset/jquery": ">=1.9.1"
            },
            "type": "bower-asset-library",
            "extra": {
                "bower-asset-main": [
                    "less/bootstrap.less",
                    "dist/css/bootstrap.css",
                    "dist/js/bootstrap.js",
                    "dist/fonts/glyphicons-halflings-regular.eot",
                    "dist/fonts/glyphicons-halflings-regular.svg",
                    "dist/fonts/glyphicons-halflings-regular.ttf",
                    "dist/fonts/glyphicons-halflings-regular.woff",
                    "dist/fonts/glyphicons-halflings-regular.woff2"
                ],
                "bower-asset-ignore": [
                    "/.*",
                    "_config.yml",
                    "CNAME",
                    "composer.json",
                    "CONTRIBUTING.md",
                    "docs",
                    "js/tests",
                    "test-infra"
                ]
            },
            "description": "The most popular front-end framework for developing responsive, mobile first projects on the web.",
            "keywords": [
                "css",
                "framework",
                "front-end",
                "js",
                "less",
                "mobile-first",
                "responsive",
                "web"
            ]
        },
        {
            "name": "bower-asset/eonasdan-bootstrap-datetimepicker",
            "version": "4.7.14",
            "source": {
                "type": "git",
                "url": "https://github.com/Eonasdan/bootstrap-datetimepicker.git",
                "reference": "d004434a5ff76e7b97c8b07c01f34ca69e635d97"
            },
            "dist": {
                "type": "zip",
                "url": "https://api.github.com/repos/Eonasdan/bootstrap-datetimepicker/zipball/d004434a5ff76e7b97c8b07c01f34ca69e635d97",
                "reference": "d004434a5ff76e7b97c8b07c01f34ca69e635d97",
                "shasum": ""
            },
            "require": {
                "bower-asset/jquery": ">=1.8.3",
                "bower-asset/moment": ">=2.8.0"
            },
            "type": "bower-asset-library",
            "extra": {
                "bower-asset-main": [
                    "build/css/bootstrap-datetimepicker.min.css",
                    "build/js/bootstrap-datetimepicker.min.js",
                    "src/less/_bootstrap-datetimepicker.less",
                    "src/less/bootstrap-datetimepicker-build.less",
                    "src/js/bootstrap-datetimepicker.js"
                ],
                "bower-asset-ignore": [
                    "**/.*",
                    "node_modules",
                    "bower_components",
                    "test",
                    "tests"
                ],
                "bower-asset-private": false
            },
            "license": [
                "MIT"
            ],
            "description": "bootstrap3 datetimepicker",
            "keywords": [
                "bootstrap",
                "datepicker",
                "datetimepicker",
                "moment",
                "timepicker",
                "twitter-bootstrap"
            ]
        },
        {
            "name": "bower-asset/fancybox",
            "version": "dev-master",
            "source": {
                "type": "git",
                "url": "https://github.com/fancyapps/fancyBox.git",
                "reference": "ec9c465470b7856fcbb107a49fa4c25968702b99"
            },
            "dist": {
                "type": "zip",
                "url": "https://api.github.com/repos/fancyapps/fancyBox/zipball/ec9c465470b7856fcbb107a49fa4c25968702b99",
                "reference": "ec9c465470b7856fcbb107a49fa4c25968702b99",
                "shasum": ""
            },
            "require": {
                "bower-asset/jquery": ">=1.10",
                "bower-asset/jquery-mousewheel": "~3.1.3"
            },
            "type": "bower-asset-library",
            "extra": {
                "bower-asset-main": [
                    "source/jquery.fancybox.css",
                    "source/jquery.fancybox.js",
                    "source/blank.gif",
                    "source/fancybox_loading.gif",
                    "source/fancybox_loading@2x.gif",
                    "source/fancybox_overlay.png",
                    "source/fancybox_sprite.png",
                    "source/fancybox_sprite@2x.png",
                    "source/jquery.fancybox.pack.js"
                ],
                "bower-asset-ignore": [
                    "**/.*",
                    "fancybox.jquery.json",
                    "demo"
                ],
                "branch-alias": {
                    "dev-master": "2.1.5-dev"
                }
            },
            "time": "2014-11-21 08:00:26"
        },
        {
            "name": "bower-asset/jquery",
            "version": "2.1.4",
            "source": {
                "type": "git",
                "url": "https://github.com/jquery/jquery.git",
                "reference": "7751e69b615c6eca6f783a81e292a55725af6b85"
            },
            "dist": {
                "type": "zip",
                "url": "https://api.github.com/repos/jquery/jquery/zipball/7751e69b615c6eca6f783a81e292a55725af6b85",
                "reference": "7751e69b615c6eca6f783a81e292a55725af6b85",
                "shasum": ""
            },
            "require-dev": {
                "bower-asset/qunit": "1.14.0",
                "bower-asset/requirejs": "2.1.10",
                "bower-asset/sinon": "1.8.1",
                "bower-asset/sizzle": "2.1.1-patch2"
            },
            "type": "bower-asset-library",
            "extra": {
                "bower-asset-main": "dist/jquery.js",
                "bower-asset-ignore": [
                    "**/.*",
                    "build",
                    "dist/cdn",
                    "speed",
                    "test",
                    "*.md",
                    "AUTHORS.txt",
                    "Gruntfile.js",
                    "package.json"
                ]
            },
            "license": [
                "MIT"
            ],
            "keywords": [
                "javascript",
                "jquery",
                "library"
            ]
        },
        {
            "name": "bower-asset/jquery-mousewheel",
            "version": "3.1.x-dev",
            "source": {
                "type": "git",
                "url": "https://github.com/jquery/jquery-mousewheel.git",
                "reference": "c559933f485ae34fed561b042e87abd245858c24"
            },
            "dist": {
                "type": "zip",
                "url": "https://api.github.com/repos/jquery/jquery-mousewheel/zipball/c559933f485ae34fed561b042e87abd245858c24",
                "reference": "c559933f485ae34fed561b042e87abd245858c24",
                "shasum": ""
            },
            "require": {
                "bower-asset/jquery": ">=1.2.2"
            },
            "type": "bower-asset-library",
            "extra": {
                "bower-asset-main": "./jquery.mousewheel.js",
                "bower-asset-ignore": [
                    "*.json",
                    "*.markdown",
                    "*.txt",
                    ".*",
                    "!LICENSE.txt",
                    "Gruntfile.js",
                    "test"
                ]
            },
            "time": "2014-09-06 14:29:29"
        },
        {
            "name": "bower-asset/jquery-ui",
            "version": "1.11.4",
            "source": {
                "type": "git",
                "url": "https://github.com/components/jqueryui.git",
                "reference": "c34f8dbf3ba57b3784b93f26119f436c0e8288e1"
            },
            "dist": {
                "type": "zip",
                "url": "https://api.github.com/repos/components/jqueryui/zipball/c34f8dbf3ba57b3784b93f26119f436c0e8288e1",
                "reference": "c34f8dbf3ba57b3784b93f26119f436c0e8288e1",
                "shasum": ""
            },
            "require": {
                "bower-asset/jquery": ">=1.6"
            },
            "type": "bower-asset-library",
            "extra": {
                "bower-asset-main": [
                    "jquery-ui.js"
                ],
                "bower-asset-ignore": []
            }
        },
        {
            "name": "bower-asset/jquery.inputmask",
            "version": "3.2.7",
            "source": {
                "type": "git",
                "url": "https://github.com/RobinHerbots/jquery.inputmask.git",
                "reference": "5a72c563b502b8e05958a524cdfffafe9987be38"
            },
            "dist": {
                "type": "zip",
                "url": "https://api.github.com/repos/RobinHerbots/jquery.inputmask/zipball/5a72c563b502b8e05958a524cdfffafe9987be38",
                "reference": "5a72c563b502b8e05958a524cdfffafe9987be38",
                "shasum": ""
            },
            "require": {
                "bower-asset/jquery": ">=1.7"
            },
            "type": "bower-asset-library",
            "extra": {
                "bower-asset-main": [
                    "./dist/inputmask/inputmask.js"
                ],
                "bower-asset-ignore": [
                    "**/*",
                    "!dist/*",
                    "!dist/inputmask/*",
                    "!dist/min/*",
                    "!dist/min/inputmask/*",
                    "!extra/bindings/*",
                    "!extra/dependencyLibs/*",
                    "!extra/phone-codes/*"
                ]
            },
            "license": [
                "http://opensource.org/licenses/mit-license.php"
            ],
            "description": "jquery.inputmask is a jquery plugin which create an input mask.",
            "keywords": [
                "form",
                "input",
                "inputmask",
                "jquery",
                "mask",
                "plugins"
            ]
        },
        {
            "name": "bower-asset/jquery.switcher",
            "version": "dev-master",
            "source": {
                "type": "git",
                "url": "https://github.com/djanix/jquery.switcher.git",
                "reference": "dceb41468a99a404afebc4601ffed50c8fe70297"
            },
            "dist": {
                "type": "zip",
                "url": "https://api.github.com/repos/djanix/jquery.switcher/zipball/dceb41468a99a404afebc4601ffed50c8fe70297",
                "reference": "dceb41468a99a404afebc4601ffed50c8fe70297",
                "shasum": ""
            },
            "require": {
                "bower-asset/jquery": ">=1.6"
            },
            "require-dev": {
                "bower-asset/grunt": ">=0.4.5,<0.5.0",
                "bower-asset/grunt-autoprefixer": ">=0.7.3,<0.8.0",
                "bower-asset/grunt-contrib-copy": "~0.5.0",
                "bower-asset/grunt-contrib-jshint": ">=0.10.0,<0.11.0",
                "bower-asset/grunt-contrib-sass": "~0.7.3",
                "bower-asset/grunt-contrib-uglify": ">=0.5.0,<0.6.0",
                "bower-asset/grunt-contrib-watch": ">=0.6.1,<0.7.0",
                "bower-asset/matchdep": ">=0.3.0,<0.4.0"
            },
            "type": "bower-asset-library",
            "extra": {
                "bower-asset-main": "dist/switcher.js",
                "bower-asset-ignore": [
                    "*.md",
                    "node_modules",
                    ".sass-cache"
                ],
                "branch-alias": {
                    "dev-master": "1.2.4-dev"
                }
            },
            "license": [
                "no"
            ],
            "description": "Custom checkbox in jquery",
            "keywords": [
                "checkbox",
                "custom",
                "input",
                "switch",
                "switcher"
            ],
            "time": "2014-11-04 05:50:52"
        },
        {
            "name": "bower-asset/microplugin",
            "version": "v0.0.3",
            "source": {
                "type": "git",
                "url": "https://github.com/brianreavis/microplugin.js.git",
                "reference": "d8671e6cc769938648f8735610534427cdeeaf67"
            },
            "dist": {
                "type": "zip",
                "url": "https://api.github.com/repos/brianreavis/microplugin.js/zipball/d8671e6cc769938648f8735610534427cdeeaf67",
                "reference": "d8671e6cc769938648f8735610534427cdeeaf67",
                "shasum": ""
            },
            "type": "bower-asset-library",
            "extra": {
                "bower-asset-main": [
                    "src/microplugin.js"
                ],
                "bower-asset-ignore": [
                    "Makefile",
                    "test",
                    ".travis.yml",
                    ".npmignore.yml"
                ]
            },
            "license": [
                "Apache License, Version 2.0"
            ],
            "description": "A lightweight plugin / dependency system for javascript libraries.",
            "keywords": [
                "architecture",
                "dependencies",
                "extensibility",
                "plugins",
                "require"
            ]
        },
        {
            "name": "bower-asset/moment",
            "version": "dev-master",
            "source": {
                "type": "git",
                "url": "https://github.com/moment/moment.git",
                "reference": "25cc720fbaab7323a1016cd0beb6a36e349c41be"
            },
            "dist": {
                "type": "zip",
                "url": "https://api.github.com/repos/moment/moment/zipball/25cc720fbaab7323a1016cd0beb6a36e349c41be",
                "reference": "25cc720fbaab7323a1016cd0beb6a36e349c41be",
                "shasum": ""
            },
            "type": "bower-asset-library",
            "extra": {
                "bower-asset-main": "moment.js",
                "bower-asset-ignore": [
                    "**/.*",
                    "benchmarks",
                    "bower_components",
                    "meteor",
                    "node_modules",
                    "scripts",
                    "tasks",
                    "test",
                    "component.json",
                    "composer.json",
                    "CONTRIBUTING.md",
                    "ender.js",
                    "Gruntfile.js",
                    "Moment.js.nuspec",
                    "package.js",
                    "package.json"
                ]
            },
            "time": "2015-05-13 07:42:12"
        },
        {
            "name": "bower-asset/nestedSortable",
            "version": "v1.3.4",
            "source": {
                "type": "git",
                "url": "https://github.com/mjsarfatti/nestedSortable.git",
                "reference": "22cdadd599b2798c304628ac797fca61b0264d02"
            },
            "dist": {
                "type": "zip",
                "url": "https://api.github.com/repos/mjsarfatti/nestedSortable/zipball/22cdadd599b2798c304628ac797fca61b0264d02",
                "reference": "22cdadd599b2798c304628ac797fca61b0264d02",
                "shasum": ""
            },
            "type": "bower-asset-library"
        },
        {
            "name": "bower-asset/punycode",
            "version": "v1.3.2",
            "source": {
                "type": "git",
                "url": "https://github.com/bestiejs/punycode.js.git",
                "reference": "38c8d3131a82567bfef18da09f7f4db68c84f8a3"
            },
            "dist": {
                "type": "zip",
                "url": "https://api.github.com/repos/bestiejs/punycode.js/zipball/38c8d3131a82567bfef18da09f7f4db68c84f8a3",
                "reference": "38c8d3131a82567bfef18da09f7f4db68c84f8a3",
                "shasum": ""
            },
            "type": "bower-asset-library",
            "extra": {
                "bower-asset-main": "punycode.js",
                "bower-asset-ignore": [
                    "coverage",
                    "tests",
                    ".*",
                    "component.json",
                    "Gruntfile.js",
                    "node_modules",
                    "package.json"
                ]
            }
        },
        {
            "name": "bower-asset/selectize",
            "version": "v0.12.1",
            "source": {
                "type": "git",
                "url": "https://github.com/brianreavis/selectize.js.git",
                "reference": "3dc07d40047cd98de8a8f8beacca06a73970139d"
            },
            "dist": {
                "type": "zip",
                "url": "https://api.github.com/repos/brianreavis/selectize.js/zipball/3dc07d40047cd98de8a8f8beacca06a73970139d",
                "reference": "3dc07d40047cd98de8a8f8beacca06a73970139d",
                "shasum": ""
            },
            "require": {
                "bower-asset/jquery": ">=1.7.0",
                "bower-asset/microplugin": "dev-0.0.x|0.0.x",
                "bower-asset/sifter": "dev-0.4.x|0.4.x"
            },
            "require-dev": {
                "bower-asset/bootstrap-2": "2",
                "bower-asset/bootstrap-3.2": "3.2"
            },
            "type": "bower-asset-library",
            "extra": {
                "bower-asset-main": [
                    "dist/css/selectize.css",
                    "dist/js/selectize.js"
                ],
                "bower-asset-ignore": [
                    "Makefile",
                    "Gruntfile.js",
                    "examples",
                    "node_modules",
                    "bower_components",
                    "docs",
                    "src",
                    "test",
                    ".travis.yml",
                    "testem.json",
                    "selectize.jquery.json",
                    "*.sh",
                    "package.json"
                ]
            },
            "license": [
                "Apache License, Version 2.0"
            ],
            "description": "Selectize is a jQuery-based custom <select> UI control. Useful for tagging, contact lists, country selectors, etc.",
            "keywords": [
                "autocomplete",
                "control",
                "form",
                "input",
                "select",
                "tag",
                "tagging",
                "ui"
            ]
        },
        {
            "name": "bower-asset/sifter",
            "version": "v0.4.5",
            "source": {
                "type": "git",
                "url": "https://github.com/brianreavis/sifter.js.git",
                "reference": "facff802f388feba9bc4c649fe5acd3ad53d84e9"
            },
            "dist": {
                "type": "zip",
                "url": "https://api.github.com/repos/brianreavis/sifter.js/zipball/facff802f388feba9bc4c649fe5acd3ad53d84e9",
                "reference": "facff802f388feba9bc4c649fe5acd3ad53d84e9",
                "shasum": ""
            },
            "type": "bower-asset-library",
            "extra": {
                "bower-asset-main": [
                    "sifter.js"
                ],
                "bower-asset-ignore": [
                    "Makefile",
                    "test",
                    "lib",
                    "bin",
                    "benchmark",
                    "node_modules",
                    ".travis.yml"
                ]
            },
            "license": [
                "Apache License, Version 2.0"
            ],
            "description": "A library for textually searching arrays and hashes of objects by property (or multiple properties). Designed specifically for autocomplete.",
            "keywords": [
                "autocomplete",
                "data",
                "filter",
                "match",
                "results",
                "search",
                "sift",
                "sort"
            ]
        },
        {
            "name": "bower-asset/yii2-pjax",
            "version": "dev-master",
            "source": {
                "type": "git",
                "url": "https://github.com/yiisoft/jquery-pjax.git",
                "reference": "3f20897307cca046fca5323b318475ae9dac0ca0"
            },
            "dist": {
                "type": "zip",
                "url": "https://api.github.com/repos/yiisoft/jquery-pjax/zipball/3f20897307cca046fca5323b318475ae9dac0ca0",
                "reference": "3f20897307cca046fca5323b318475ae9dac0ca0",
                "shasum": ""
            },
            "require": {
                "bower-asset/jquery": ">=1.8"
            },
            "type": "bower-asset-library",
            "extra": {
                "bower-asset-main": "./jquery.pjax.js",
                "bower-asset-ignore": [
                    ".travis.yml",
                    "Gemfile",
                    "Gemfile.lock",
                    "vendor/",
                    "script/",
                    "test/"
                ],
                "branch-alias": {
                    "dev-master": "2.0.3-dev"
                }
            },
            "license": [
                "MIT"
            ],
            "time": "2015-03-08 21:03:11"
        },
        {
            "name": "cebe/markdown",
            "version": "1.1.0",
            "source": {
                "type": "git",
                "url": "https://github.com/cebe/markdown.git",
                "reference": "54a2c49de31cc44e864ebf0500a35ef21d0010b2"
            },
            "dist": {
                "type": "zip",
                "url": "https://api.github.com/repos/cebe/markdown/zipball/54a2c49de31cc44e864ebf0500a35ef21d0010b2",
                "reference": "54a2c49de31cc44e864ebf0500a35ef21d0010b2",
                "shasum": ""
            },
            "require": {
                "lib-pcre": "*",
                "php": ">=5.4.0"
            },
            "require-dev": {
                "cebe/indent": "*",
                "facebook/xhprof": "*@dev",
                "phpunit/phpunit": "4.1.*"
            },
            "bin": [
                "bin/markdown"
            ],
            "type": "library",
            "extra": {
                "branch-alias": {
                    "dev-master": "1.1.x-dev"
                }
            },
            "autoload": {
                "psr-4": {
                    "cebe\\markdown\\": ""
                }
            },
            "notification-url": "https://packagist.org/downloads/",
            "license": [
                "MIT"
            ],
            "authors": [
                {
                    "name": "Carsten Brandt",
                    "email": "mail@cebe.cc",
                    "homepage": "http://cebe.cc/",
                    "role": "Creator"
                }
            ],
            "description": "A super fast, highly extensible markdown parser for PHP",
            "homepage": "https://github.com/cebe/markdown#readme",
            "keywords": [
                "extensible",
                "fast",
                "gfm",
                "markdown",
                "markdown-extra"
            ],
            "time": "2015-03-06 05:28:07"
        },
        {
            "name": "creocoder/yii2-nested-sets",
            "version": "0.9.0",
            "source": {
                "type": "git",
                "url": "https://github.com/creocoder/yii2-nested-sets.git",
                "reference": "cb8635a459b6246e5a144f096b992dcc30cf9954"
            },
            "dist": {
                "type": "zip",
                "url": "https://api.github.com/repos/creocoder/yii2-nested-sets/zipball/cb8635a459b6246e5a144f096b992dcc30cf9954",
                "reference": "cb8635a459b6246e5a144f096b992dcc30cf9954",
                "shasum": ""
            },
            "require": {
                "yiisoft/yii2": "*"
            },
            "type": "yii2-extension",
            "autoload": {
                "psr-4": {
                    "creocoder\\nestedsets\\": "src"
                }
            },
            "notification-url": "https://packagist.org/downloads/",
            "license": [
                "BSD-3-Clause"
            ],
            "authors": [
                {
                    "name": "Alexander Kochetov",
                    "email": "creocoder@gmail.com"
                }
            ],
            "description": "The nested sets behavior for the Yii framework",
            "keywords": [
                "nested sets",
                "yii2"
            ],
            "time": "2015-01-27 10:53:51"
        },
        {
            "name": "ezyang/htmlpurifier",
            "version": "v4.6.0",
            "source": {
                "type": "git",
                "url": "https://github.com/ezyang/htmlpurifier.git",
                "reference": "6f389f0f25b90d0b495308efcfa073981177f0fd"
            },
            "dist": {
                "type": "zip",
                "url": "https://api.github.com/repos/ezyang/htmlpurifier/zipball/6f389f0f25b90d0b495308efcfa073981177f0fd",
                "reference": "6f389f0f25b90d0b495308efcfa073981177f0fd",
                "shasum": ""
            },
            "require": {
                "php": ">=5.2"
            },
            "type": "library",
            "autoload": {
                "psr-0": {
                    "HTMLPurifier": "library/"
                },
                "files": [
                    "library/HTMLPurifier.composer.php"
                ]
            },
            "notification-url": "https://packagist.org/downloads/",
            "license": [
                "LGPL"
            ],
            "authors": [
                {
                    "name": "Edward Z. Yang",
                    "email": "admin@htmlpurifier.org",
                    "homepage": "http://ezyang.com"
                }
            ],
            "description": "Standards compliant HTML filter written in PHP",
            "homepage": "http://htmlpurifier.org/",
            "keywords": [
                "html"
            ],
            "time": "2013-11-30 08:25:19"
        },
        {
            "name": "google/apiclient",
            "version": "1.0.6-beta",
            "source": {
                "type": "git",
                "url": "https://github.com/google/google-api-php-client.git",
                "reference": "a41a9dc0662e36420030eaab802dbb1f85459479"
            },
            "dist": {
                "type": "zip",
                "url": "https://api.github.com/repos/google/google-api-php-client/zipball/a41a9dc0662e36420030eaab802dbb1f85459479",
                "reference": "a41a9dc0662e36420030eaab802dbb1f85459479",
                "shasum": ""
            },
            "require": {
                "php": ">=5.2.1"
            },
            "require-dev": {
                "phpunit/phpunit": "3.7.*"
            },
            "type": "library",
            "extra": {
                "branch-alias": {
                    "dev-master": "1.0.x-dev"
                }
            },
            "autoload": {
                "classmap": [
                    "src/"
                ]
            },
            "notification-url": "https://packagist.org/downloads/",
            "include-path": [
                "src/"
            ],
            "license": [
                "Apache-2.0"
            ],
            "description": "Client library for Google APIs",
            "homepage": "http://developers.google.com/api-client-library/php",
            "keywords": [
                "google"
            ],
            "time": "2014-09-30 19:33:59"
        },
        {
            "name": "stojg/crop",
            "version": "1.2.10",
            "source": {
                "type": "git",
                "url": "https://github.com/stojg/crop.git",
                "reference": "63b2a3f505e57c100c65bccd3cce9c3ef41dd28b"
            },
            "dist": {
                "type": "zip",
                "url": "https://api.github.com/repos/stojg/crop/zipball/63b2a3f505e57c100c65bccd3cce9c3ef41dd28b",
                "reference": "63b2a3f505e57c100c65bccd3cce9c3ef41dd28b",
                "shasum": ""
            },
            "require": {
                "php": ">=5.3.0"
            },
            "type": "library",
            "autoload": {
                "psr-0": {
                    "stojg\\crop": "src/"
                }
            },
            "notification-url": "https://packagist.org/downloads/",
            "license": [
                "BSD-2"
            ],
            "authors": [
                {
                    "name": "Stig Lindqvist",
                    "email": "stojg.lindqvist@gmail.com",
                    "homepage": "https://stojg.se/"
                },
                {
                    "name": "Julien Deniau jdeniau",
                    "email": "julien.deniau@gmail.com",
                    "homepage": "http://www.mapado.com"
                }
            ],
            "description": "Image cropping classes",
            "homepage": "http://github.com/stojg/crop",
            "keywords": [
                "image"
            ],
            "time": "2014-10-25 08:42:29"
        },
        {
            "name": "swiftmailer/swiftmailer",
            "version": "v5.4.1",
            "source": {
                "type": "git",
                "url": "https://github.com/swiftmailer/swiftmailer.git",
                "reference": "0697e6aa65c83edf97bb0f23d8763f94e3f11421"
            },
            "dist": {
                "type": "zip",
                "url": "https://api.github.com/repos/swiftmailer/swiftmailer/zipball/0697e6aa65c83edf97bb0f23d8763f94e3f11421",
                "reference": "0697e6aa65c83edf97bb0f23d8763f94e3f11421",
                "shasum": ""
            },
            "require": {
                "php": ">=5.3.3"
            },
            "require-dev": {
                "mockery/mockery": "~0.9.1,<0.9.4"
            },
            "type": "library",
            "extra": {
                "branch-alias": {
                    "dev-master": "5.4-dev"
                }
            },
            "autoload": {
                "files": [
                    "lib/swift_required.php"
                ]
            },
            "notification-url": "https://packagist.org/downloads/",
            "license": [
                "MIT"
            ],
            "authors": [
                {
                    "name": "Chris Corbyn"
                },
                {
                    "name": "Fabien Potencier",
                    "email": "fabien@symfony.com"
                }
            ],
            "description": "Swiftmailer, free feature-rich PHP mailer",
            "homepage": "http://swiftmailer.org",
            "keywords": [
                "email",
                "mail",
                "mailer"
            ],
            "time": "2015-06-06 14:19:39"
        },
        {
            "name": "vova07/yii2-imperavi-widget",
            "version": "1.2.10",
            "source": {
                "type": "git",
                "url": "https://github.com/vova07/yii2-imperavi-widget.git",
                "reference": "6835bfe3c6d77d00c3033a7f8a54e85ac446d5ac"
            },
            "dist": {
                "type": "zip",
                "url": "https://api.github.com/repos/vova07/yii2-imperavi-widget/zipball/6835bfe3c6d77d00c3033a7f8a54e85ac446d5ac",
                "reference": "6835bfe3c6d77d00c3033a7f8a54e85ac446d5ac",
                "shasum": ""
            },
            "require": {
                "yiisoft/yii2": "*"
            },
            "require-dev": {
                "mikey179/vfsstream": "~1",
                "phpunit/phpunit": "4.*",
                "scrutinizer/ocular": "~1.1"
            },
            "type": "yii2-extension",
            "extra": {
                "branch-alias": {
                    "dev-master": "1.0.x-dev"
                },
                "asset-installer-paths": {
                    "bower-asset-library": "vendor/bower"
                }
            },
            "autoload": {
                "psr-4": {
                    "vova07\\imperavi\\": "src"
                }
            },
            "notification-url": "https://packagist.org/downloads/",
            "license": [
                "BSD-3-Clause"
            ],
            "authors": [
                {
                    "name": "Crudu Vasile",
                    "email": "bazillio07@yandex.ru",
                    "homepage": "https://github.com/vova07",
                    "role": "Developer"
                }
            ],
            "description": "The imperavi redactor widget for Yii 2 framework.",
            "homepage": "https://github.com/vova07/yii2-imperavi-widget",
            "keywords": [
                "Redactor",
                "extension",
                "imperavi",
                "widget",
                "wysiwyg",
                "yii",
                "yii 2",
                "yii2"
            ],
            "time": "2015-12-10 21:16:23"
        },
        {
            "name": "yiisoft/yii2",
            "version": "2.0.7",
            "source": {
                "type": "git",
                "url": "https://github.com/yiisoft/yii2-framework.git",
                "reference": "f45651582cb853b4326730d9d187a0f7a44a45a3"
            },
            "dist": {
                "type": "zip",
                "url": "https://api.github.com/repos/yiisoft/yii2-framework/zipball/f45651582cb853b4326730d9d187a0f7a44a45a3",
                "reference": "f45651582cb853b4326730d9d187a0f7a44a45a3",
                "shasum": ""
            },
            "require": {
                "bower-asset/jquery": "2.2.*@stable | 2.1.*@stable | 1.11.*@stable",
                "bower-asset/jquery.inputmask": "~3.2.2",
                "bower-asset/punycode": "1.3.*",
                "bower-asset/yii2-pjax": "~2.0.1",
                "cebe/markdown": "~1.0.0 | ~1.1.0",
                "ext-ctype": "*",
                "ext-mbstring": "*",
                "ezyang/htmlpurifier": "4.6.*",
                "lib-pcre": "*",
                "php": ">=5.4.0",
                "yiisoft/yii2-composer": "~2.0.4"
            },
            "bin": [
                "yii"
            ],
            "type": "library",
            "extra": {
                "branch-alias": {
                    "dev-master": "2.0.x-dev"
                }
            },
            "autoload": {
                "psr-4": {
                    "yii\\": ""
                }
            },
            "notification-url": "https://packagist.org/downloads/",
            "license": [
                "BSD-3-Clause"
            ],
            "authors": [
                {
                    "name": "Qiang Xue",
                    "email": "qiang.xue@gmail.com",
                    "homepage": "http://www.yiiframework.com/",
                    "role": "Founder and project lead"
                },
                {
                    "name": "Alexander Makarov",
                    "email": "sam@rmcreative.ru",
                    "homepage": "http://rmcreative.ru/",
                    "role": "Core framework development"
                },
                {
                    "name": "Maurizio Domba",
                    "homepage": "http://mdomba.info/",
                    "role": "Core framework development"
                },
                {
                    "name": "Carsten Brandt",
                    "email": "mail@cebe.cc",
                    "homepage": "http://cebe.cc/",
                    "role": "Core framework development"
                },
                {
                    "name": "Timur Ruziev",
                    "email": "resurtm@gmail.com",
                    "homepage": "http://resurtm.com/",
                    "role": "Core framework development"
                },
                {
                    "name": "Paul Klimov",
                    "email": "klimov.paul@gmail.com",
                    "role": "Core framework development"
                },
                {
                    "name": "Dmitry Naumenko",
                    "email": "d.naumenko.a@gmail.com",
                    "role": "Core framework development"
                }
            ],
            "description": "Yii PHP Framework Version 2",
            "homepage": "http://www.yiiframework.com/",
            "keywords": [
                "framework",
                "yii2"
            ],
            "time": "2016-02-14 14:45:55"
        },
        {
            "name": "yiisoft/yii2-bootstrap",
            "version": "dev-master",
            "source": {
                "type": "git",
                "url": "https://github.com/yiisoft/yii2-bootstrap.git",
                "reference": "61ff14445779b225baa8e60cf4eddbc46cc14504"
            },
            "dist": {
                "type": "zip",
                "url": "https://api.github.com/repos/yiisoft/yii2-bootstrap/zipball/61ff14445779b225baa8e60cf4eddbc46cc14504",
                "reference": "61ff14445779b225baa8e60cf4eddbc46cc14504",
                "shasum": ""
            },
            "require": {
                "bower-asset/bootstrap": "3.3.* | 3.2.* | 3.1.*",
                "yiisoft/yii2": ">=2.0.6"
            },
            "type": "yii2-extension",
            "extra": {
                "branch-alias": {
                    "dev-master": "2.0.x-dev"
                },
                "asset-installer-paths": {
                    "npm-asset-library": "vendor/npm",
                    "bower-asset-library": "vendor/bower"
                }
            },
            "autoload": {
                "psr-4": {
                    "yii\\bootstrap\\": ""
                }
            },
            "notification-url": "https://packagist.org/downloads/",
            "license": [
                "BSD-3-Clause"
            ],
            "authors": [
                {
                    "name": "Qiang Xue",
                    "email": "qiang.xue@gmail.com"
                }
            ],
            "description": "The Twitter Bootstrap extension for the Yii framework",
            "keywords": [
                "bootstrap",
                "yii2"
            ],
            "time": "2016-04-18 20:34:24"
        },
        {
            "name": "yiisoft/yii2-composer",
            "version": "2.0.4",
            "source": {
                "type": "git",
                "url": "https://github.com/yiisoft/yii2-composer.git",
                "reference": "7452fd908a5023b8bb5ea1b123a174ca080de464"
            },
            "dist": {
                "type": "zip",
                "url": "https://api.github.com/repos/yiisoft/yii2-composer/zipball/7452fd908a5023b8bb5ea1b123a174ca080de464",
                "reference": "7452fd908a5023b8bb5ea1b123a174ca080de464",
                "shasum": ""
            },
            "require": {
                "composer-plugin-api": "^1.0"
            },
            "type": "composer-plugin",
            "extra": {
                "class": "yii\\composer\\Plugin",
                "branch-alias": {
                    "dev-master": "2.0.x-dev"
                }
            },
            "autoload": {
                "psr-4": {
                    "yii\\composer\\": ""
                }
            },
            "notification-url": "https://packagist.org/downloads/",
            "license": [
                "BSD-3-Clause"
            ],
            "authors": [
                {
                    "name": "Qiang Xue",
                    "email": "qiang.xue@gmail.com"
                }
            ],
            "description": "The composer plugin for Yii extension installer",
            "keywords": [
                "composer",
                "extension installer",
                "yii2"
            ],
            "time": "2016-02-06 00:49:24"
        },
        {
            "name": "yiisoft/yii2-jui",
            "version": "2.0.5",
            "source": {
                "type": "git",
                "url": "https://github.com/yiisoft/yii2-jui.git",
                "reference": "37991d06ad952eead7bd5bb839c9a352d9b5e34a"
            },
            "dist": {
                "type": "zip",
                "url": "https://api.github.com/repos/yiisoft/yii2-jui/zipball/37991d06ad952eead7bd5bb839c9a352d9b5e34a",
                "reference": "37991d06ad952eead7bd5bb839c9a352d9b5e34a",
                "shasum": ""
            },
            "require": {
                "bower-asset/jquery-ui": "1.11.*@stable",
                "yiisoft/yii2": ">=2.0.4"
            },
            "type": "yii2-extension",
            "extra": {
                "branch-alias": {
                    "dev-master": "2.0.x-dev"
                },
                "asset-installer-paths": {
                    "npm-asset-library": "vendor/npm",
                    "bower-asset-library": "vendor/bower"
                }
            },
            "autoload": {
                "psr-4": {
                    "yii\\jui\\": ""
                }
            },
            "notification-url": "https://packagist.org/downloads/",
            "license": [
                "BSD-3-Clause"
            ],
            "authors": [
                {
                    "name": "Qiang Xue",
                    "email": "qiang.xue@gmail.com"
                }
            ],
            "description": "The Jquery UI extension for the Yii framework",
            "keywords": [
                "jQuery UI",
                "yii2"
            ],
            "time": "2016-03-17 03:53:41"
        },
        {
            "name": "yiisoft/yii2-swiftmailer",
            "version": "dev-master",
            "source": {
                "type": "git",
                "url": "https://github.com/yiisoft/yii2-swiftmailer.git",
                "reference": "163b9c6273e133c43a596aef46a9f5b1537731f9"
            },
            "dist": {
                "type": "zip",
                "url": "https://api.github.com/repos/yiisoft/yii2-swiftmailer/zipball/163b9c6273e133c43a596aef46a9f5b1537731f9",
                "reference": "163b9c6273e133c43a596aef46a9f5b1537731f9",
                "shasum": ""
            },
            "require": {
                "swiftmailer/swiftmailer": "~5.0",
                "yiisoft/yii2": ">=2.0.4"
            },
            "type": "yii2-extension",
            "extra": {
                "branch-alias": {
                    "dev-master": "2.0.x-dev"
                }
            },
            "autoload": {
                "psr-4": {
                    "yii\\swiftmailer\\": ""
                }
            },
            "notification-url": "https://packagist.org/downloads/",
            "license": [
                "BSD-3-Clause"
            ],
            "authors": [
                {
                    "name": "Paul Klimov",
                    "email": "klimov.paul@gmail.com"
                }
            ],
            "description": "The SwiftMailer integration for the Yii framework",
            "keywords": [
                "email",
                "mail",
                "mailer",
                "swift",
                "swiftmailer",
                "yii2"
            ],
            "time": "2016-04-14 08:50:13"
        }
    ],
    "packages-dev": [],
    "aliases": [],
    "minimum-stability": "dev",
    "stability-flags": [],
    "prefer-stable": true,
    "prefer-lowest": false,
    "platform": {
        "php": ">=5.4.0"
    },
    "platform-dev": []
}
